
Microsoft Visual Studio Solution File, Format Version 12.00
# Visual Studio 15
VisualStudioVersion = 15.0.27428.2002
MinimumVisualStudioVersion = 10.0.40219.1
Project("{FAE04EC0-301F-11D3-BF4B-00C04F79EFBC}") = "WindowsFormsGitTest", "WindowsFormsGitTest\WindowsFormsGitTest.csproj", "{81E5A49B-D219-4F52-8EAE-7904239E9D29}"
EndProject
Project("{54435603-DBB4-11D2-8724-00A0C9A8B90C}") = "Setup2", "Setup2\Setup2.vdproj", "{C792E799-EF0A-4BA3-821E-A2EA77179F85}"
EndProject
Global
	GlobalSection(SolutionConfigurationPlatforms) = preSolution
		Debug|Any CPU = Debug|Any CPU
		Release|Any CPU = Release|Any CPU
	EndGlobalSection
	GlobalSection(ProjectConfigurationPlatforms) = postSolution
		{81E5A49B-D219-4F52-8EAE-7904239E9D29}.Debug|Any CPU.ActiveCfg = Debug|Any CPU
		{81E5A49B-D219-4F52-8EAE-7904239E9D29}.Debug|Any CPU.Build.0 = Debug|Any CPU
		{81E5A49B-D219-4F52-8EAE-7904239E9D29}.Release|Any CPU.ActiveCfg = Release|Any CPU
		{81E5A49B-D219-4F52-8EAE-7904239E9D29}.Release|Any CPU.Build.0 = Release|Any CPU
		{C792E799-EF0A-4BA3-821E-A2EA77179F85}.Debug|Any CPU.ActiveCfg = Debug
		{C792E799-EF0A-4BA3-821E-A2EA77179F85}.Release|Any CPU.ActiveCfg = Release
	EndGlobalSection
	GlobalSection(SolutionProperties) = preSolution
		HideSolutionNode = FALSE
	EndGlobalSection
	GlobalSection(ExtensibilityGlobals) = postSolution
		SolutionGuid = {CC2F6EF4-7B55-4EFE-8176-D405D91E0097}
	EndGlobalSection
EndGlobal
